// !$*UTF8*$!
{
	archiveVersion = 1;
	classes = {
	};
	objectVersion = 77;
	objects = {

/* Begin PBXBuildFile section */
		070DB00611E4271D07EC23F6 /* AgentRuntimeService.swift in Sources */ = {isa = PBXBuildFile; fileRef = 8BDBC251F7934202B7D97302 /* AgentRuntimeService.swift */; };
		21EC11AFEFC9FA4C31F6955F /* RuntimeStoreTests.swift in Sources */ = {isa = PBXBuildFile; fileRef = E329E5EBAC82AD4996D0D918 /* RuntimeStoreTests.swift */; };
		4262D02CCF636ABE400BF051 /* StubAgentRuntimeService.swift in Sources */ = {isa = PBXBuildFile; fileRef = 29A4A5D210333C64A54083CB /* StubAgentRuntimeService.swift */; };
		53941C75F9E397AF98B72683 /* RuntimeStoreTests.swift.plist in Resources */ = {isa = PBXBuildFile; fileRef = 6187EAEBA1E79BA6F0FCAE2B /* RuntimeStoreTests.swift.plist */; };
		5AA90D5A2CCCFA0A4A224744 /* agentappflow_bootstrap.py in Resources */ = {isa = PBXBuildFile; fileRef = 2A5D77288488FB7FB366753D /* agentappflow_bootstrap.py */; };
		5AD9079D1CF8A8591A9DF374 /* OnboardingFormStateTests.swift in Sources */ = {isa = PBXBuildFile; fileRef = 968CE2DB6D3E5F9FAB000AC6 /* OnboardingFormStateTests.swift */; };
		65965261B82CE14F710DC5EB /* ThemeController.swift in Sources */ = {isa = PBXBuildFile; fileRef = 6845388A77549F622E66923D /* ThemeController.swift */; };
		7FD225D6B83E11CED757F0DC /* runtime.py in Resources */ = {isa = PBXBuildFile; fileRef = 3F4E610D27937D8F06ADCE01 /* runtime.py */; };
		8340FEAB1594781DEE22E7F0 /* FirstRunSetupView.swift in Sources */ = {isa = PBXBuildFile; fileRef = 584FFA286F553CA01576FB65 /* FirstRunSetupView.swift */; };
		858D8A308268C5FEF5A1B32B /* AppTheme.swift in Sources */ = {isa = PBXBuildFile; fileRef = 7CF13F06DB71E7C3D82E4EEE /* AppTheme.swift */; };
		8A60A10F834EAC5A08CC5C0B /* BootstrapCLIService.swift in Sources */ = {isa = PBXBuildFile; fileRef = 227CE79C80BF9D70456F4755 /* BootstrapCLIService.swift */; };
		8C9C3AAF3F2472EB410BAE92 /* WorkspaceSnapshotTests.swift in Sources */ = {isa = PBXBuildFile; fileRef = 8B6F73C34A1D981FFFD6B3D9 /* WorkspaceSnapshotTests.swift */; };
		8F288B29837B217159D07BEB /* WorkspaceSnapshot.swift in Sources */ = {isa = PBXBuildFile; fileRef = 2176531E4A0ECBDC87439F16 /* WorkspaceSnapshot.swift */; };
		9421ECE948C9A6D4CCB6FAF2 /* RuntimeModels.swift in Sources */ = {isa = PBXBuildFile; fileRef = 3A13218F4E93F0EE782358E5 /* RuntimeModels.swift */; };
		945B1F8F2D124CEA5BD828B4 /* ContentView.swift in Sources */ = {isa = PBXBuildFile; fileRef = 56B4D7DA286E97F923948A14 /* ContentView.swift */; };
		9613D674361CF3F0F6BDA72D /* AppRuntimeStore.swift in Sources */ = {isa = PBXBuildFile; fileRef = DD5DEA93ABBC065E5D3C12AE /* AppRuntimeStore.swift */; };
		A01E179B0807AAED65983DA2 /* PythonRuntimeLocatorTests.swift in Sources */ = {isa = PBXBuildFile; fileRef = 228A843A3F16702445112BE8 /* PythonRuntimeLocatorTests.swift */; };
		A27ACEDE4E7DF23D175EDC6A /* NavigationShell.swift in Sources */ = {isa = PBXBuildFile; fileRef = 45AFEF5DB5D15339B7BD9F2A /* NavigationShell.swift */; };
		A621F2F6B722FF1D85242C22 /* storage.py in Resources */ = {isa = PBXBuildFile; fileRef = 9F07E39D9A1A9384C53E81D5 /* storage.py */; };
		B73DF6D179B387C42E8CEF76 /* AppComponents.swift in Sources */ = {isa = PBXBuildFile; fileRef = 16BBF2E8991B9ED1446356D3 /* AppComponents.swift */; };
		BD912A1C99D6083D5E28F97B /* DesignSystemComponentTests.swift in Sources */ = {isa = PBXBuildFile; fileRef = 727022AE0368A1C325F61098 /* DesignSystemComponentTests.swift */; };
		D30B002DD4581B210076FA66 /* PythonRuntimeLocator.swift in Sources */ = {isa = PBXBuildFile; fileRef = E1B0F1612AD904A2ACA9B1F1 /* PythonRuntimeLocator.swift */; };
		D3F624E6966BC7500446FFD2 /* AgentAppFlowApp.swift in Sources */ = {isa = PBXBuildFile; fileRef = B70FFE26FBEB7485DCF1FA4E /* AgentAppFlowApp.swift */; };
		DEFEB631B2384B0B6A731C1A /* BootstrapRequest.swift in Sources */ = {isa = PBXBuildFile; fileRef = D6EAE11AFAF0DB2F22B94F38 /* BootstrapRequest.swift */; };
		EAAF864C34AABCA2095404BB /* ThemeModePicker.swift in Sources */ = {isa = PBXBuildFile; fileRef = 75CF20D7A16CBA779F111943 /* ThemeModePicker.swift */; };
		ED9E26523D99F1873146B22A /* bootstrap.py in Resources */ = {isa = PBXBuildFile; fileRef = 638D3D9B9EDEA9C7B2A171FE /* bootstrap.py */; };
		F865971570C92EB8202A8389 /* ControlCenterView.swift in Sources */ = {isa = PBXBuildFile; fileRef = 915655C8CBDBA93D5286E385 /* ControlCenterView.swift */; };
/* End PBXBuildFile section */

/* Begin PBXContainerItemProxy section */
		97F2B6CBAD46192C87E42EA9 /* PBXContainerItemProxy */ = {
			isa = PBXContainerItemProxy;
			containerPortal = 6525901C2A5F9FF13769CF7F /* Project object */;
			proxyType = 1;
			remoteGlobalIDString = C5F8F373ABFF5AFDE88E2BB6;
			remoteInfo = AgentAppFlow;
		};
/* End PBXContainerItemProxy section */

/* Begin PBXFileReference section */
		16BBF2E8991B9ED1446356D3 /* AppComponents.swift */ = {isa = PBXFileReference; lastKnownFileType = sourcecode.swift; path = AppComponents.swift; sourceTree = "<group>"; };
		2176531E4A0ECBDC87439F16 /* WorkspaceSnapshot.swift */ = {isa = PBXFileReference; lastKnownFileType = sourcecode.swift; path = WorkspaceSnapshot.swift; sourceTree = "<group>"; };
		227CE79C80BF9D70456F4755 /* BootstrapCLIService.swift */ = {isa = PBXFileReference; lastKnownFileType = sourcecode.swift; path = BootstrapCLIService.swift; sourceTree = "<group>"; };
		228A843A3F16702445112BE8 /* PythonRuntimeLocatorTests.swift */ = {isa = PBXFileReference; lastKnownFileType = sourcecode.swift; path = PythonRuntimeLocatorTests.swift; sourceTree = "<group>"; };
		29A4A5D210333C64A54083CB /* StubAgentRuntimeService.swift */ = {isa = PBXFileReference; lastKnownFileType = sourcecode.swift; path = StubAgentRuntimeService.swift; sourceTree = "<group>"; };
		2A5D77288488FB7FB366753D /* agentappflow_bootstrap.py */ = {isa = PBXFileReference; lastKnownFileType = text.script.python; path = agentappflow_bootstrap.py; sourceTree = "<group>"; };
		3A13218F4E93F0EE782358E5 /* RuntimeModels.swift */ = {isa = PBXFileReference; lastKnownFileType = sourcecode.swift; path = RuntimeModels.swift; sourceTree = "<group>"; };
		3F4E610D27937D8F06ADCE01 /* runtime.py */ = {isa = PBXFileReference; lastKnownFileType = text.script.python; path = runtime.py; sourceTree = "<group>"; };
		45AFEF5DB5D15339B7BD9F2A /* NavigationShell.swift */ = {isa = PBXFileReference; lastKnownFileType = sourcecode.swift; path = NavigationShell.swift; sourceTree = "<group>"; };
		56B4D7DA286E97F923948A14 /* ContentView.swift */ = {isa = PBXFileReference; lastKnownFileType = sourcecode.swift; path = ContentView.swift; sourceTree = "<group>"; };
		584FFA286F553CA01576FB65 /* FirstRunSetupView.swift */ = {isa = PBXFileReference; lastKnownFileType = sourcecode.swift; path = FirstRunSetupView.swift; sourceTree = "<group>"; };
		6187EAEBA1E79BA6F0FCAE2B /* RuntimeStoreTests.swift.plist */ = {isa = PBXFileReference; lastKnownFileType = text.plist; path = RuntimeStoreTests.swift.plist; sourceTree = "<group>"; };
		638D3D9B9EDEA9C7B2A171FE /* bootstrap.py */ = {isa = PBXFileReference; lastKnownFileType = text.script.python; path = bootstrap.py; sourceTree = "<group>"; };
		6845388A77549F622E66923D /* ThemeController.swift */ = {isa = PBXFileReference; lastKnownFileType = sourcecode.swift; path = ThemeController.swift; sourceTree = "<group>"; };
		727022AE0368A1C325F61098 /* DesignSystemComponentTests.swift */ = {isa = PBXFileReference; lastKnownFileType = sourcecode.swift; path = DesignSystemComponentTests.swift; sourceTree = "<group>"; };
		75CF20D7A16CBA779F111943 /* ThemeModePicker.swift */ = {isa = PBXFileReference; lastKnownFileType = sourcecode.swift; path = ThemeModePicker.swift; sourceTree = "<group>"; };
		7CF13F06DB71E7C3D82E4EEE /* AppTheme.swift */ = {isa = PBXFileReference; lastKnownFileType = sourcecode.swift; path = AppTheme.swift; sourceTree = "<group>"; };
		8B6F73C34A1D981FFFD6B3D9 /* WorkspaceSnapshotTests.swift */ = {isa = PBXFileReference; lastKnownFileType = sourcecode.swift; path = WorkspaceSnapshotTests.swift; sourceTree = "<group>"; };
		8BDBC251F7934202B7D97302 /* AgentRuntimeService.swift */ = {isa = PBXFileReference; lastKnownFileType = sourcecode.swift; path = AgentRuntimeService.swift; sourceTree = "<group>"; };
		915655C8CBDBA93D5286E385 /* ControlCenterView.swift */ = {isa = PBXFileReference; lastKnownFileType = sourcecode.swift; path = ControlCenterView.swift; sourceTree = "<group>"; };
		968CE2DB6D3E5F9FAB000AC6 /* OnboardingFormStateTests.swift */ = {isa = PBXFileReference; lastKnownFileType = sourcecode.swift; path = OnboardingFormStateTests.swift; sourceTree = "<group>"; };
		9E8DD259B678897073F02FC7 /* AgentAppFlow.app */ = {isa = PBXFileReference; explicitFileType = wrapper.application; includeInIndex = 0; path = AgentAppFlow.app; sourceTree = BUILT_PRODUCTS_DIR; };
		9F07E39D9A1A9384C53E81D5 /* storage.py */ = {isa = PBXFileReference; lastKnownFileType = text.script.python; path = storage.py; sourceTree = "<group>"; };
		B70FFE26FBEB7485DCF1FA4E /* AgentAppFlowApp.swift */ = {isa = PBXFileReference; lastKnownFileType = sourcecode.swift; path = AgentAppFlowApp.swift; sourceTree = "<group>"; };
		BD8FC95EE17DE23556CEAE44 /* AgentAppFlowTests.xctest */ = {isa = PBXFileReference; explicitFileType = wrapper.cfbundle; includeInIndex = 0; path = AgentAppFlowTests.xctest; sourceTree = BUILT_PRODUCTS_DIR; };
		D6EAE11AFAF0DB2F22B94F38 /* BootstrapRequest.swift */ = {isa = PBXFileReference; lastKnownFileType = sourcecode.swift; path = BootstrapRequest.swift; sourceTree = "<group>"; };
		DD5DEA93ABBC065E5D3C12AE /* AppRuntimeStore.swift */ = {isa = PBXFileReference; lastKnownFileType = sourcecode.swift; path = AppRuntimeStore.swift; sourceTree = "<group>"; };
		E1B0F1612AD904A2ACA9B1F1 /* PythonRuntimeLocator.swift */ = {isa = PBXFileReference; lastKnownFileType = sourcecode.swift; path = PythonRuntimeLocator.swift; sourceTree = "<group>"; };
		E329E5EBAC82AD4996D0D918 /* RuntimeStoreTests.swift */ = {isa = PBXFileReference; lastKnownFileType = sourcecode.swift; path = RuntimeStoreTests.swift; sourceTree = "<group>"; };
/* End PBXFileReference section */

/* Begin PBXGroup section */
		1152E1A02A8A245FFD157908 /* AgentAppFlowTests */ = {
			isa = PBXGroup;
			children = (
				727022AE0368A1C325F61098 /* DesignSystemComponentTests.swift */,
				968CE2DB6D3E5F9FAB000AC6 /* OnboardingFormStateTests.swift */,
				228A843A3F16702445112BE8 /* PythonRuntimeLocatorTests.swift */,
				E329E5EBAC82AD4996D0D918 /* RuntimeStoreTests.swift */,
				6187EAEBA1E79BA6F0FCAE2B /* RuntimeStoreTests.swift.plist */,
				8B6F73C34A1D981FFFD6B3D9 /* WorkspaceSnapshotTests.swift */,
			);
			path = AgentAppFlowTests;
			sourceTree = "<group>";
		};
		3386B91EDCCF5AB2DAEFD17D /* Products */ = {
			isa = PBXGroup;
			children = (
				9E8DD259B678897073F02FC7 /* AgentAppFlow.app */,
				BD8FC95EE17DE23556CEAE44 /* AgentAppFlowTests.xctest */,
			);
			name = Products;
			sourceTree = "<group>";
		};
		37FC9B95A47500EF5087D83C /* App */ = {
			isa = PBXGroup;
			children = (
				B70FFE26FBEB7485DCF1FA4E /* AgentAppFlowApp.swift */,
				56B4D7DA286E97F923948A14 /* ContentView.swift */,
				AC5C0FBC9F656AA4A6427362 /* DesignSystem */,
				7D5CA6B6B03D314DB6A37F98 /* Models */,
				AEBB9BCCCED671ACC1419BAF /* Services */,
				B923B893A932428C2CA1B3E0 /* Views */,
			);
			path = App;
			sourceTree = "<group>";
		};
		4AF9A2B91A373B6D10D2D745 /* agentappflow_core */ = {
			isa = PBXGroup;
			children = (
				638D3D9B9EDEA9C7B2A171FE /* bootstrap.py */,
				3F4E610D27937D8F06ADCE01 /* runtime.py */,
				9F07E39D9A1A9384C53E81D5 /* storage.py */,
			);
			path = agentappflow_core;
			sourceTree = "<group>";
		};
		7D5CA6B6B03D314DB6A37F98 /* Models */ = {
			isa = PBXGroup;
			children = (
				D6EAE11AFAF0DB2F22B94F38 /* BootstrapRequest.swift */,
				3A13218F4E93F0EE782358E5 /* RuntimeModels.swift */,
				2176531E4A0ECBDC87439F16 /* WorkspaceSnapshot.swift */,
			);
			path = Models;
			sourceTree = "<group>";
		};
		AC5C0FBC9F656AA4A6427362 /* DesignSystem */ = {
			isa = PBXGroup;
			children = (
				16BBF2E8991B9ED1446356D3 /* AppComponents.swift */,
				7CF13F06DB71E7C3D82E4EEE /* AppTheme.swift */,
				45AFEF5DB5D15339B7BD9F2A /* NavigationShell.swift */,
				6845388A77549F622E66923D /* ThemeController.swift */,
			);
			path = DesignSystem;
			sourceTree = "<group>";
		};
		AEBB9BCCCED671ACC1419BAF /* Services */ = {
			isa = PBXGroup;
			children = (
				8BDBC251F7934202B7D97302 /* AgentRuntimeService.swift */,
				DD5DEA93ABBC065E5D3C12AE /* AppRuntimeStore.swift */,
				227CE79C80BF9D70456F4755 /* BootstrapCLIService.swift */,
				E1B0F1612AD904A2ACA9B1F1 /* PythonRuntimeLocator.swift */,
				29A4A5D210333C64A54083CB /* StubAgentRuntimeService.swift */,
			);
			path = Services;
			sourceTree = "<group>";
		};
		AEC5FD0B219A3A8F9D13BBA1 /* python */ = {
			isa = PBXGroup;
			children = (
				2A5D77288488FB7FB366753D /* agentappflow_bootstrap.py */,
				4AF9A2B91A373B6D10D2D745 /* agentappflow_core */,
			);
			path = python;
			sourceTree = "<group>";
		};
		B923B893A932428C2CA1B3E0 /* Views */ = {
			isa = PBXGroup;
			children = (
				915655C8CBDBA93D5286E385 /* ControlCenterView.swift */,
				584FFA286F553CA01576FB65 /* FirstRunSetupView.swift */,
				75CF20D7A16CBA779F111943 /* ThemeModePicker.swift */,
			);
			path = Views;
			sourceTree = "<group>";
		};
		D4E2CBDB3CA540D7141A3198 /* Tests */ = {
			isa = PBXGroup;
			children = (
				1152E1A02A8A245FFD157908 /* AgentAppFlowTests */,
			);
			path = Tests;
			sourceTree = "<group>";
		};
		F18890597661A774530B9752 = {
			isa = PBXGroup;
			children = (
				37FC9B95A47500EF5087D83C /* App */,
				AEC5FD0B219A3A8F9D13BBA1 /* python */,
				D4E2CBDB3CA540D7141A3198 /* Tests */,
				3386B91EDCCF5AB2DAEFD17D /* Products */,
			);
			sourceTree = "<group>";
		};
/* End PBXGroup section */

/* Begin PBXNativeTarget section */
		249A198072F6D18A448EE86D /* AgentAppFlowTests */ = {
			isa = PBXNativeTarget;
			buildConfigurationList = 73B1E9F7EF9F4633C749801B /* Build configuration list for PBXNativeTarget "AgentAppFlowTests" */;
			buildPhases = (
				5830541BB57C292C751732F3 /* Sources */,
				B9ABB64B48576E3007875E3C /* Resources */,
			);
			buildRules = (
			);
			dependencies = (
				9E6C7682E277411D22242692 /* PBXTargetDependency */,
			);
			name = AgentAppFlowTests;
			packageProductDependencies = (
			);
			productName = AgentAppFlowTests;
			productReference = BD8FC95EE17DE23556CEAE44 /* AgentAppFlowTests.xctest */;
			productType = "com.apple.product-type.bundle.unit-test";
		};
		C5F8F373ABFF5AFDE88E2BB6 /* AgentAppFlow */ = {
			isa = PBXNativeTarget;
			buildConfigurationList = 83EFB8C937726E4899D590B8 /* Build configuration list for PBXNativeTarget "AgentAppFlow" */;
			buildPhases = (
				B6BD24A12581E58385FC78F3 /* Sources */,
				D9DCDE6B001B3F5AA0D8C9CA /* Resources */,
				F7A5C22B104AA047670F2B3A /* Embed Python Runtime */,
			);
			buildRules = (
			);
			dependencies = (
			);
			name = AgentAppFlow;
			packageProductDependencies = (
			);
			productName = AgentAppFlow;
			productReference = 9E8DD259B678897073F02FC7 /* AgentAppFlow.app */;
			productType = "com.apple.product-type.application";
		};
/* End PBXNativeTarget section */

/* Begin PBXProject section */
		6525901C2A5F9FF13769CF7F /* Project object */ = {
			isa = PBXProject;
			attributes = {
				BuildIndependentTargetsInParallel = YES;
				LastUpgradeCheck = 1430;
			};
			buildConfigurationList = 058A8D904EEDEF50E6D51C15 /* Build configuration list for PBXProject "AgentAppFlow" */;
			compatibilityVersion = "Xcode 14.0";
			developmentRegion = en;
			hasScannedForEncodings = 0;
			knownRegions = (
				Base,
				en,
			);
			mainGroup = F18890597661A774530B9752;
			minimizedProjectReferenceProxies = 1;
			preferredProjectObjectVersion = 77;
			projectDirPath = "";
			projectRoot = "";
			targets = (
				C5F8F373ABFF5AFDE88E2BB6 /* AgentAppFlow */,
				249A198072F6D18A448EE86D /* AgentAppFlowTests */,
			);
		};
/* End PBXProject section */

/* Begin PBXResourcesBuildPhase section */
		B9ABB64B48576E3007875E3C /* Resources */ = {
			isa = PBXResourcesBuildPhase;
			buildActionMask = 2147483647;
			files = (
				53941C75F9E397AF98B72683 /* RuntimeStoreTests.swift.plist in Resources */,
			);
			runOnlyForDeploymentPostprocessing = 0;
		};
		D9DCDE6B001B3F5AA0D8C9CA /* Resources */ = {
			isa = PBXResourcesBuildPhase;
			buildActionMask = 2147483647;
			files = (
				5AA90D5A2CCCFA0A4A224744 /* agentappflow_bootstrap.py in Resources */,
				ED9E26523D99F1873146B22A /* bootstrap.py in Resources */,
				7FD225D6B83E11CED757F0DC /* runtime.py in Resources */,
				A621F2F6B722FF1D85242C22 /* storage.py in Resources */,
			);
			runOnlyForDeploymentPostprocessing = 0;
		};
/* End PBXResourcesBuildPhase section */

/* Begin PBXShellScriptBuildPhase section */
		F7A5C22B104AA047670F2B3A /* Embed Python Runtime */ = {
			isa = PBXShellScriptBuildPhase;
			alwaysOutOfDate = 1;
			buildActionMask = 2147483647;
			files = (
			);
			inputFileListPaths = (
			);
			inputPaths = (
			);
			name = "Embed Python Runtime";
			outputFileListPaths = (
			);
			outputPaths = (
			);
			runOnlyForDeploymentPostprocessing = 0;
			shellPath = /bin/sh;
			shellScript = "set -euo pipefail\n/bin/sh \"${SRCROOT}/scripts/embed_python_runtime.sh\"\n";
		};
/* End PBXShellScriptBuildPhase section */

/* Begin PBXSourcesBuildPhase section */
		5830541BB57C292C751732F3 /* Sources */ = {
			isa = PBXSourcesBuildPhase;
			buildActionMask = 2147483647;
			files = (
				BD912A1C99D6083D5E28F97B /* DesignSystemComponentTests.swift in Sources */,
				5AD9079D1CF8A8591A9DF374 /* OnboardingFormStateTests.swift in Sources */,
				A01E179B0807AAED65983DA2 /* PythonRuntimeLocatorTests.swift in Sources */,
				21EC11AFEFC9FA4C31F6955F /* RuntimeStoreTests.swift in Sources */,
				8C9C3AAF3F2472EB410BAE92 /* WorkspaceSnapshotTests.swift in Sources */,
			);
			runOnlyForDeploymentPostprocessing = 0;
		};
		B6BD24A12581E58385FC78F3 /* Sources */ = {
			isa = PBXSourcesBuildPhase;
			buildActionMask = 2147483647;
			files = (
				D3F624E6966BC7500446FFD2 /* AgentAppFlowApp.swift in Sources */,
				070DB00611E4271D07EC23F6 /* AgentRuntimeService.swift in Sources */,
				B73DF6D179B387C42E8CEF76 /* AppComponents.swift in Sources */,
				9613D674361CF3F0F6BDA72D /* AppRuntimeStore.swift in Sources */,
				858D8A308268C5FEF5A1B32B /* AppTheme.swift in Sources */,
				8A60A10F834EAC5A08CC5C0B /* BootstrapCLIService.swift in Sources */,
				DEFEB631B2384B0B6A731C1A /* BootstrapRequest.swift in Sources */,
				945B1F8F2D124CEA5BD828B4 /* ContentView.swift in Sources */,
				F865971570C92EB8202A8389 /* ControlCenterView.swift in Sources */,
				8340FEAB1594781DEE22E7F0 /* FirstRunSetupView.swift in Sources */,
				A27ACEDE4E7DF23D175EDC6A /* NavigationShell.swift in Sources */,
				D30B002DD4581B210076FA66 /* PythonRuntimeLocator.swift in Sources */,
				9421ECE948C9A6D4CCB6FAF2 /* RuntimeModels.swift in Sources */,
				4262D02CCF636ABE400BF051 /* StubAgentRuntimeService.swift in Sources */,
				65965261B82CE14F710DC5EB /* ThemeController.swift in Sources */,
				EAAF864C34AABCA2095404BB /* ThemeModePicker.swift in Sources */,
				8F288B29837B217159D07BEB /* WorkspaceSnapshot.swift in Sources */,
			);
			runOnlyForDeploymentPostprocessing = 0;
		};
/* End PBXSourcesBuildPhase section */

/* Begin PBXTargetDependency section */
		9E6C7682E277411D22242692 /* PBXTargetDependency */ = {
			isa = PBXTargetDependency;
			target = C5F8F373ABFF5AFDE88E2BB6 /* AgentAppFlow */;
			targetProxy = 97F2B6CBAD46192C87E42EA9 /* PBXContainerItemProxy */;
		};
/* End PBXTargetDependency section */

/* Begin XCBuildConfiguration section */
		04A4E46E4E44587BE92E6259 /* Debug */ = {
			isa = XCBuildConfiguration;
			buildSettings = {
				ASSETCATALOG_COMPILER_APPICON_NAME = AppIcon;
				CODE_SIGNING_ALLOWED = NO;
				CODE_SIGNING_REQUIRED = NO;
				COMBINE_HIDPI_IMAGES = YES;
				GENERATE_INFOPLIST_FILE = YES;
				LD_RUNPATH_SEARCH_PATHS = (
					"$(inherited)",
					"@executable_path/../Frameworks",
				);
				MACOSX_DEPLOYMENT_TARGET = 15.0;
				PRODUCT_BUNDLE_IDENTIFIER = com.rinnecoder.agentappflow;
				PRODUCT_NAME = AgentAppFlow;
				SDKROOT = macosx;
			};
			name = Debug;
		};
		2EA3A274FBB196E79FEC9DE5 /* Debug */ = {
			isa = XCBuildConfiguration;
			buildSettings = {
				BUNDLE_LOADER = "$(TEST_HOST)";
				CODE_SIGNING_ALLOWED = NO;
				CODE_SIGNING_REQUIRED = NO;
				COMBINE_HIDPI_IMAGES = YES;
				GENERATE_INFOPLIST_FILE = YES;
				LD_RUNPATH_SEARCH_PATHS = (
					"$(inherited)",
					"@executable_path/../Frameworks",
					"@loader_path/../Frameworks",
				);
				MACOSX_DEPLOYMENT_TARGET = 15.0;
				SDKROOT = macosx;
				TEST_HOST = "$(BUILT_PRODUCTS_DIR)/AgentAppFlow.app/Contents/MacOS/AgentAppFlow";
			};
			name = Debug;
		};
		41A5F74F07D3C77210D86554 /* Release */ = {
			isa = XCBuildConfiguration;
			buildSettings = {
				BUNDLE_LOADER = "$(TEST_HOST)";
				CODE_SIGNING_ALLOWED = NO;
				CODE_SIGNING_REQUIRED = NO;
				COMBINE_HIDPI_IMAGES = YES;
				GENERATE_INFOPLIST_FILE = YES;
				LD_RUNPATH_SEARCH_PATHS = (
					"$(inherited)",
					"@executable_path/../Frameworks",
					"@loader_path/../Frameworks",
				);
				MACOSX_DEPLOYMENT_TARGET = 15.0;
				SDKROOT = macosx;
				TEST_HOST = "$(BUILT_PRODUCTS_DIR)/AgentAppFlow.app/Contents/MacOS/AgentAppFlow";
			};
			name = Release;
		};
		5F387E7BFFC2D21C62F510A7 /* Debug */ = {
			isa = XCBuildConfiguration;
			buildSettings = {
				ALWAYS_SEARCH_USER_PATHS = NO;
				CLANG_ANALYZER_NONNULL = YES;
				CLANG_ANALYZER_NUMBER_OBJECT_CONVERSION = YES_AGGRESSIVE;
				CLANG_CXX_LANGUAGE_STANDARD = "gnu++14";
				CLANG_CXX_LIBRARY = "libc++";
				CLANG_ENABLE_MODULES = YES;
				CLANG_ENABLE_OBJC_ARC = YES;
				CLANG_ENABLE_OBJC_WEAK = YES;
				CLANG_WARN_BLOCK_CAPTURE_AUTORELEASING = YES;
				CLANG_WARN_BOOL_CONVERSION = YES;
				CLANG_WARN_COMMA = YES;
				CLANG_WARN_CONSTANT_CONVERSION = YES;
				CLANG_WARN_DEPRECATED_OBJC_IMPLEMENTATIONS = YES;
				CLANG_WARN_DIRECT_OBJC_ISA_USAGE = YES_ERROR;
				CLANG_WARN_DOCUMENTATION_COMMENTS = YES;
				CLANG_WARN_EMPTY_BODY = YES;
				CLANG_WARN_ENUM_CONVERSION = YES;
				CLANG_WARN_INFINITE_RECURSION = YES;
				CLANG_WARN_INT_CONVERSION = YES;
				CLANG_WARN_NON_LITERAL_NULL_CONVERSION = YES;
				CLANG_WARN_OBJC_IMPLICIT_RETAIN_SELF = YES;
				CLANG_WARN_OBJC_LITERAL_CONVERSION = YES;
				CLANG_WARN_OBJC_ROOT_CLASS = YES_ERROR;
				CLANG_WARN_QUOTED_INCLUDE_IN_FRAMEWORK_HEADER = YES;
				CLANG_WARN_RANGE_LOOP_ANALYSIS = YES;
				CLANG_WARN_STRICT_PROTOTYPES = YES;
				CLANG_WARN_SUSPICIOUS_MOVE = YES;
				CLANG_WARN_UNGUARDED_AVAILABILITY = YES_AGGRESSIVE;
				CLANG_WARN_UNREACHABLE_CODE = YES;
				CLANG_WARN__DUPLICATE_METHOD_MATCH = YES;
				COPY_PHASE_STRIP = NO;
				DEBUG_INFORMATION_FORMAT = dwarf;
				ENABLE_STRICT_OBJC_MSGSEND = YES;
				ENABLE_TESTABILITY = YES;
				GCC_C_LANGUAGE_STANDARD = gnu11;
				GCC_DYNAMIC_NO_PIC = NO;
				GCC_NO_COMMON_BLOCKS = YES;
				GCC_OPTIMIZATION_LEVEL = 0;
				GCC_PREPROCESSOR_DEFINITIONS = (
					"$(inherited)",
					"DEBUG=1",
				);
				GCC_WARN_64_TO_32_BIT_CONVERSION = YES;
				GCC_WARN_ABOUT_RETURN_TYPE = YES_ERROR;
				GCC_WARN_UNDECLARED_SELECTOR = YES;
				GCC_WARN_UNINITIALIZED_AUTOS = YES_AGGRESSIVE;
				GCC_WARN_UNUSED_FUNCTION = YES;
				GCC_WARN_UNUSED_VARIABLE = YES;
				MACOSX_DEPLOYMENT_TARGET = 15.0;
				MTL_ENABLE_DEBUG_INFO = INCLUDE_SOURCE;
				MTL_FAST_MATH = YES;
				ONLY_ACTIVE_ARCH = YES;
				PRODUCT_NAME = "$(TARGET_NAME)";
				SDKROOT = macosx;
				SWIFT_ACTIVE_COMPILATION_CONDITIONS = DEBUG;
				SWIFT_OPTIMIZATION_LEVEL = "-Onone";
				SWIFT_VERSION = 5.0;
			};
			name = Debug;
		};
		8E0DB0B20A9F87BEC1C95358 /* Release */ = {
			isa = XCBuildConfiguration;
			buildSettings = {
				ALWAYS_SEARCH_USER_PATHS = NO;
				CLANG_ANALYZER_NONNULL = YES;
				CLANG_ANALYZER_NUMBER_OBJECT_CONVERSION = YES_AGGRESSIVE;
				CLANG_CXX_LANGUAGE_STANDARD = "gnu++14";
				CLANG_CXX_LIBRARY = "libc++";
				CLANG_ENABLE_MODULES = YES;
				CLANG_ENABLE_OBJC_ARC = YES;
				CLANG_ENABLE_OBJC_WEAK = YES;
				CLANG_WARN_BLOCK_CAPTURE_AUTORELEASING = YES;
				CLANG_WARN_BOOL_CONVERSION = YES;
				CLANG_WARN_COMMA = YES;
				CLANG_WARN_CONSTANT_CONVERSION = YES;
				CLANG_WARN_DEPRECATED_OBJC_IMPLEMENTATIONS = YES;
				CLANG_WARN_DIRECT_OBJC_ISA_USAGE = YES_ERROR;
				CLANG_WARN_DOCUMENTATION_COMMENTS = YES;
				CLANG_WARN_EMPTY_BODY = YES;
				CLANG_WARN_ENUM_CONVERSION = YES;
				CLANG_WARN_INFINITE_RECURSION = YES;
				CLANG_WARN_INT_CONVERSION = YES;
				CLANG_WARN_NON_LITERAL_NULL_CONVERSION = YES;
				CLANG_WARN_OBJC_IMPLICIT_RETAIN_SELF = YES;
				CLANG_WARN_OBJC_LITERAL_CONVERSION = YES;
				CLANG_WARN_OBJC_ROOT_CLASS = YES_ERROR;
				CLANG_WARN_QUOTED_INCLUDE_IN_FRAMEWORK_HEADER = YES;
				CLANG_WARN_RANGE_LOOP_ANALYSIS = YES;
				CLANG_WARN_STRICT_PROTOTYPES = YES;
				CLANG_WARN_SUSPICIOUS_MOVE = YES;
				CLANG_WARN_UNGUARDED_AVAILABILITY = YES_AGGRESSIVE;
				CLANG_WARN_UNREACHABLE_CODE = YES;
				CLANG_WARN__DUPLICATE_METHOD_MATCH = YES;
				COPY_PHASE_STRIP = NO;
				DEBUG_INFORMATION_FORMAT = "dwarf-with-dsym";
				ENABLE_NS_ASSERTIONS = NO;
				ENABLE_STRICT_OBJC_MSGSEND = YES;
				GCC_C_LANGUAGE_STANDARD = gnu11;
				GCC_NO_COMMON_BLOCKS = YES;
				GCC_WARN_64_TO_32_BIT_CONVERSION = YES;
				GCC_WARN_ABOUT_RETURN_TYPE = YES_ERROR;
				GCC_WARN_UNDECLARED_SELECTOR = YES;
				GCC_WARN_UNINITIALIZED_AUTOS = YES_AGGRESSIVE;
				GCC_WARN_UNUSED_FUNCTION = YES;
				GCC_WARN_UNUSED_VARIABLE = YES;
				MACOSX_DEPLOYMENT_TARGET = 15.0;
				MTL_ENABLE_DEBUG_INFO = NO;
				MTL_FAST_MATH = YES;
				PRODUCT_NAME = "$(TARGET_NAME)";
				SDKROOT = macosx;
				SWIFT_COMPILATION_MODE = wholemodule;
				SWIFT_OPTIMIZATION_LEVEL = "-O";
				SWIFT_VERSION = 5.0;
			};
			name = Release;
		};
		BA84D2396EFC5EC2D41CF1A4 /* Release */ = {
			isa = XCBuildConfiguration;
			buildSettings = {
				ASSETCATALOG_COMPILER_APPICON_NAME = AppIcon;
				CODE_SIGNING_ALLOWED = NO;
				CODE_SIGNING_REQUIRED = NO;
				COMBINE_HIDPI_IMAGES = YES;
				GENERATE_INFOPLIST_FILE = YES;
				LD_RUNPATH_SEARCH_PATHS = (
					"$(inherited)",
					"@executable_path/../Frameworks",
				);
				MACOSX_DEPLOYMENT_TARGET = 15.0;
				PRODUCT_BUNDLE_IDENTIFIER = com.rinnecoder.agentappflow;
				PRODUCT_NAME = AgentAppFlow;
				SDKROOT = macosx;
			};
			name = Release;
		};
/* End XCBuildConfiguration section */

/* Begin XCConfigurationList section */
		058A8D904EEDEF50E6D51C15 /* Build configuration list for PBXProject "AgentAppFlow" */ = {
			isa = XCConfigurationList;
			buildConfigurations = (
				5F387E7BFFC2D21C62F510A7 /* Debug */,
				8E0DB0B20A9F87BEC1C95358 /* Release */,
			);
			defaultConfigurationIsVisible = 0;
			defaultConfigurationName = Debug;
		};
		73B1E9F7EF9F4633C749801B /* Build configuration list for PBXNativeTarget "AgentAppFlowTests" */ = {
			isa = XCConfigurationList;
			buildConfigurations = (
				2EA3A274FBB196E79FEC9DE5 /* Debug */,
				41A5F74F07D3C77210D86554 /* Release */,
			);
			defaultConfigurationIsVisible = 0;
			defaultConfigurationName = Debug;
		};
		83EFB8C937726E4899D590B8 /* Build configuration list for PBXNativeTarget "AgentAppFlow" */ = {
			isa = XCConfigurationList;
			buildConfigurations = (
				04A4E46E4E44587BE92E6259 /* Debug */,
				BA84D2396EFC5EC2D41CF1A4 /* Release */,
			);
			defaultConfigurationIsVisible = 0;
			defaultConfigurationName = Debug;
		};
/* End XCConfigurationList section */
	};
	rootObject = 6525901C2A5F9FF13769CF7F /* Project object */;
}
